
Microsoft Visual Studio Solution File, Format Version 12.00
# Visual Studio Version 17
VisualStudioVersion = 17.7.34031.279
MinimumVisualStudioVersion = 10.0.40219.1
Project("{8BC9CEB8-8B4A-11D0-8D11-00A0C91BC942}") = "laba 4-2", "laba 4-2.vcxproj", "{69D52D82-2B57-46DB-BE0E-1D4C34C015FD}"
EndProject
Global
	GlobalSection(SolutionConfigurationPlatforms) = preSolution
		Debug|x64 = Debug|x64
		Debug|x86 = Debug|x86
		Release|x64 = Release|x64
		Release|x86 = Release|x86
	EndGlobalSection
	GlobalSection(ProjectConfigurationPlatforms) = postSolution
		{69D52D82-2B57-46DB-BE0E-1D4C34C015FD}.Debug|x64.ActiveCfg = Debug|x64
		{69D52D82-2B57-46DB-BE0E-1D4C34C015FD}.Debug|x64.Build.0 = Debug|x64
		{69D52D82-2B57-46DB-BE0E-1D4C34C015FD}.Debug|x86.ActiveCfg = Debug|Win32
		{69D52D82-2B57-46DB-BE0E-1D4C34C015FD}.Debug|x86.Build.0 = Debug|Win32
		{69D52D82-2B57-46DB-BE0E-1D4C34C015FD}.Release|x64.ActiveCfg = Release|x64
		{69D52D82-2B57-46DB-BE0E-1D4C34C015FD}.Release|x64.Build.0 = Release|x64
		{69D52D82-2B57-46DB-BE0E-1D4C34C015FD}.Release|x86.ActiveCfg = Release|Win32
		{69D52D82-2B57-46DB-BE0E-1D4C34C015FD}.Release|x86.Build.0 = Release|Win32
	EndGlobalSection
	GlobalSection(SolutionProperties) = preSolution
		HideSolutionNode = FALSE
	EndGlobalSection
	GlobalSection(ExtensibilityGlobals) = postSolution
		SolutionGuid = {8B90D66F-25B1-4F48-ACF5-EFE519BAC66F}
	EndGlobalSection
EndGlobal
